
Microsoft Visual Studio Solution File, Format Version 9.00
# Visual Studio 2005
Project("{8BC9CEB8-8B4A-11D0-8D11-00A0C91BC942}") = "CirclePacking", "CirclePacking\CirclePacking.vcproj", "{EDB4917D-A0BE-4996-92E0-60A7491DD454}"
EndProject
Global
	GlobalSection(SolutionConfigurationPlatforms) = preSolution
		Debug|Win32 = Debug|Win32
		Release|Win32 = Release|Win32
	EndGlobalSection
	GlobalSection(ProjectConfigurationPlatforms) = postSolution
		{EDB4917D-A0BE-4996-92E0-60A7491DD454}.Debug|Win32.ActiveCfg = Debug|Win32
		{EDB4917D-A0BE-4996-92E0-60A7491DD454}.Debug|Win32.Build.0 = Debug|Win32
		{EDB4917D-A0BE-4996-92E0-60A7491DD454}.Release|Win32.ActiveCfg = Release|Win32
		{EDB4917D-A0BE-4996-92E0-60A7491DD454}.Release|Win32.Build.0 = Release|Win32
	EndGlobalSection
	GlobalSection(SolutionProperties) = preSolution
		HideSolutionNode = FALSE
	EndGlobalSection
EndGlobal
